
Microsoft Visual Studio Solution File, Format Version 12.00
# Visual Studio 15
VisualStudioVersion = 15.0.28010.2050
MinimumVisualStudioVersion = 10.0.40219.1
Project("{888888A0-9F3D-457C-B088-3A5042F75D52}") = "HTTPWebpageDownloader", "HTTPWebpageDownloader\HTTPWebpageDownloader.pyproj", "{48A8609F-2197-4C70-BAF9-0E58DA2A0D83}"
EndProject
Global
	GlobalSection(SolutionConfigurationPlatforms) = preSolution
		Debug|Any CPU = Debug|Any CPU
		Release|Any CPU = Release|Any CPU
	EndGlobalSection
	GlobalSection(ProjectConfigurationPlatforms) = postSolution
		{48A8609F-2197-4C70-BAF9-0E58DA2A0D83}.Debug|Any CPU.ActiveCfg = Debug|Any CPU
		{48A8609F-2197-4C70-BAF9-0E58DA2A0D83}.Release|Any CPU.ActiveCfg = Release|Any CPU
	EndGlobalSection
	GlobalSection(SolutionProperties) = preSolution
		HideSolutionNode = FALSE
	EndGlobalSection
	GlobalSection(ExtensibilityGlobals) = postSolution
		SolutionGuid = {B8F7A761-7F1C-489E-97AD-4C490A37D084}
	EndGlobalSection
EndGlobal
