
Microsoft Visual Studio Solution File, Format Version 12.00
# Visual Studio 15
VisualStudioVersion = 15.0.28010.2050
MinimumVisualStudioVersion = 10.0.40219.1
Project("{888888A0-9F3D-457C-B088-3A5042F75D52}") = "SocketServer", "SocketServer\SocketServer.pyproj", "{7D36E3D4-2E97-49AB-81B9-684A1D8A040D}"
EndProject
Project("{888888A0-9F3D-457C-B088-3A5042F75D52}") = "SocketClient", "SocketClient\SocketClient.pyproj", "{F7B62E4F-51EE-4411-9953-9AA4FD94E45C}"
EndProject
Global
	GlobalSection(SolutionConfigurationPlatforms) = preSolution
		Debug|Any CPU = Debug|Any CPU
		Release|Any CPU = Release|Any CPU
	EndGlobalSection
	GlobalSection(ProjectConfigurationPlatforms) = postSolution
		{7D36E3D4-2E97-49AB-81B9-684A1D8A040D}.Debug|Any CPU.ActiveCfg = Debug|Any CPU
		{7D36E3D4-2E97-49AB-81B9-684A1D8A040D}.Release|Any CPU.ActiveCfg = Release|Any CPU
		{F7B62E4F-51EE-4411-9953-9AA4FD94E45C}.Debug|Any CPU.ActiveCfg = Debug|Any CPU
		{F7B62E4F-51EE-4411-9953-9AA4FD94E45C}.Release|Any CPU.ActiveCfg = Release|Any CPU
	EndGlobalSection
	GlobalSection(SolutionProperties) = preSolution
		HideSolutionNode = FALSE
	EndGlobalSection
	GlobalSection(ExtensibilityGlobals) = postSolution
		SolutionGuid = {8B7A0930-B9E1-4FD2-94D3-A38BB74869C9}
	EndGlobalSection
EndGlobal
